// !$*UTF8*$!
{
	archiveVersion = 1;
	classes = {
	};
	objectVersion = 46;
	objects = {

/* Begin PBXBuildFile section */
		324BB00EF0748DF02B6D0A40 /* Pods_DemoLineTests.framework in Frameworks */ = {isa = PBXBuildFile; fileRef = C4637DB1C6FBBDD23DA57DDA /* Pods_DemoLineTests.framework */; };
		41D467931DBDDF8D00ADD948 /* AppDelegate.swift in Sources */ = {isa = PBXBuildFile; fileRef = 41D467921DBDDF8D00ADD948 /* AppDelegate.swift */; };
		41D467951DBDDF8D00ADD948 /* ViewController.swift in Sources */ = {isa = PBXBuildFile; fileRef = 41D467941DBDDF8D00ADD948 /* ViewController.swift */; };
		41D467981DBDDF8D00ADD948 /* Main.storyboard in Resources */ = {isa = PBXBuildFile; fileRef = 41D467961DBDDF8D00ADD948 /* Main.storyboard */; };
		41D4679A1DBDDF8D00ADD948 /* Assets.xcassets in Resources */ = {isa = PBXBuildFile; fileRef = 41D467991DBDDF8D00ADD948 /* Assets.xcassets */; };
		41D4679D1DBDDF8D00ADD948 /* LaunchScreen.storyboard in Resources */ = {isa = PBXBuildFile; fileRef = 41D4679B1DBDDF8D00ADD948 /* LaunchScreen.storyboard */; };
		41D467A81DBDDF8D00ADD948 /* DemoLineTests.swift in Sources */ = {isa = PBXBuildFile; fileRef = 41D467A71DBDDF8D00ADD948 /* DemoLineTests.swift */; };
		41D467B31DBDDF8D00ADD948 /* DemoLineUITests.swift in Sources */ = {isa = PBXBuildFile; fileRef = 41D467B21DBDDF8D00ADD948 /* DemoLineUITests.swift */; };
		41ED1DAC1DBE141C008D66BC /* HBorderLabel.swift in Sources */ = {isa = PBXBuildFile; fileRef = 41ED1DA91DBE141C008D66BC /* HBorderLabel.swift */; };
		41ED1DAD1DBE141C008D66BC /* HBorderView.swift in Sources */ = {isa = PBXBuildFile; fileRef = 41ED1DAA1DBE141C008D66BC /* HBorderView.swift */; };
		41ED1DAE1DBE141C008D66BC /* HBorderButton.swift in Sources */ = {isa = PBXBuildFile; fileRef = 41ED1DAB1DBE141C008D66BC /* HBorderButton.swift */; };
		41ED1DB01DBE1432008D66BC /* HImageView.swift in Sources */ = {isa = PBXBuildFile; fileRef = 41ED1DAF1DBE1432008D66BC /* HImageView.swift */; };
		830634EB1DBF4E6400A4561A /* SendRequestViewController.swift in Sources */ = {isa = PBXBuildFile; fileRef = 830634EA1DBF4E6400A4561A /* SendRequestViewController.swift */; };
		832AA1321DC08AE30081B5D6 /* SalesTaxesViewController.swift in Sources */ = {isa = PBXBuildFile; fileRef = 832AA1311DC08AE30081B5D6 /* SalesTaxesViewController.swift */; };
		832AA1341DC08B4B0081B5D6 /* Product.swift in Sources */ = {isa = PBXBuildFile; fileRef = 832AA1331DC08B4B0081B5D6 /* Product.swift */; };
		832AA1361DC08B7E0081B5D6 /* TaxCate.swift in Sources */ = {isa = PBXBuildFile; fileRef = 832AA1351DC08B7E0081B5D6 /* TaxCate.swift */; };
		832E1A551DBF5CD500A9D326 /* PopViewController.swift in Sources */ = {isa = PBXBuildFile; fileRef = 832E1A541DBF5CD500A9D326 /* PopViewController.swift */; };
		83AF844B1DBF503B004D4190 /* Extensions.swift in Sources */ = {isa = PBXBuildFile; fileRef = 83AF844A1DBF503B004D4190 /* Extensions.swift */; };
		BA9454E896C2071C46AE26DA /* Pods_DemoLine.framework in Frameworks */ = {isa = PBXBuildFile; fileRef = 195D9A12F8C2521EC72BABBD /* Pods_DemoLine.framework */; };
		DEC2010FEC0E714028D6E427 /* Pods_DemoLineUITests.framework in Frameworks */ = {isa = PBXBuildFile; fileRef = 0959552B6A3492E1E20F9256 /* Pods_DemoLineUITests.framework */; };
/* End PBXBuildFile section */

/* Begin PBXContainerItemProxy section */
		41D467A41DBDDF8D00ADD948 /* PBXContainerItemProxy */ = {
			isa = PBXContainerItemProxy;
			containerPortal = 41D467871DBDDF8D00ADD948 /* Project object */;
			proxyType = 1;
			remoteGlobalIDString = 41D4678E1DBDDF8D00ADD948;
			remoteInfo = DemoLine;
		};
		41D467AF1DBDDF8D00ADD948 /* PBXContainerItemProxy */ = {
			isa = PBXContainerItemProxy;
			containerPortal = 41D467871DBDDF8D00ADD948 /* Project object */;
			proxyType = 1;
			remoteGlobalIDString = 41D4678E1DBDDF8D00ADD948;
			remoteInfo = DemoLine;
		};
/* End PBXContainerItemProxy section */

/* Begin PBXFileReference section */
		058BA3A207B2D0D1C3D3A38D /* Pods-DemoLineUITests.debug.xcconfig */ = {isa = PBXFileReference; includeInIndex = 1; lastKnownFileType = text.xcconfig; name = "Pods-DemoLineUITests.debug.xcconfig"; path = "Pods/Target Support Files/Pods-DemoLineUITests/Pods-DemoLineUITests.debug.xcconfig"; sourceTree = "<group>"; };
		081E7F82A7F77FDD375AD70D /* Pods-DemoLine.debug.xcconfig */ = {isa = PBXFileReference; includeInIndex = 1; lastKnownFileType = text.xcconfig; name = "Pods-DemoLine.debug.xcconfig"; path = "Pods/Target Support Files/Pods-DemoLine/Pods-DemoLine.debug.xcconfig"; sourceTree = "<group>"; };
		0959552B6A3492E1E20F9256 /* Pods_DemoLineUITests.framework */ = {isa = PBXFileReference; explicitFileType = wrapper.framework; includeInIndex = 0; path = Pods_DemoLineUITests.framework; sourceTree = BUILT_PRODUCTS_DIR; };
		195D9A12F8C2521EC72BABBD /* Pods_DemoLine.framework */ = {isa = PBXFileReference; explicitFileType = wrapper.framework; includeInIndex = 0; path = Pods_DemoLine.framework; sourceTree = BUILT_PRODUCTS_DIR; };
		41D4678F1DBDDF8D00ADD948 /* DemoLine.app */ = {isa = PBXFileReference; explicitFileType = wrapper.application; includeInIndex = 0; path = DemoLine.app; sourceTree = BUILT_PRODUCTS_DIR; };
		41D467921DBDDF8D00ADD948 /* AppDelegate.swift */ = {isa = PBXFileReference; lastKnownFileType = sourcecode.swift; path = AppDelegate.swift; sourceTree = "<group>"; };
		41D467941DBDDF8D00ADD948 /* ViewController.swift */ = {isa = PBXFileReference; lastKnownFileType = sourcecode.swift; path = ViewController.swift; sourceTree = "<group>"; };
		41D467971DBDDF8D00ADD948 /* Base */ = {isa = PBXFileReference; lastKnownFileType = file.storyboard; name = Base; path = Base.lproj/Main.storyboard; sourceTree = "<group>"; };
		41D467991DBDDF8D00ADD948 /* Assets.xcassets */ = {isa = PBXFileReference; lastKnownFileType = folder.assetcatalog; path = Assets.xcassets; sourceTree = "<group>"; };
		41D4679C1DBDDF8D00ADD948 /* Base */ = {isa = PBXFileReference; lastKnownFileType = file.storyboard; name = Base; path = Base.lproj/LaunchScreen.storyboard; sourceTree = "<group>"; };
		41D4679E1DBDDF8D00ADD948 /* Info.plist */ = {isa = PBXFileReference; lastKnownFileType = text.plist.xml; path = Info.plist; sourceTree = "<group>"; };
		41D467A31DBDDF8D00ADD948 /* DemoLineTests.xctest */ = {isa = PBXFileReference; explicitFileType = wrapper.cfbundle; includeInIndex = 0; path = DemoLineTests.xctest; sourceTree = BUILT_PRODUCTS_DIR; };
		41D467A71DBDDF8D00ADD948 /* DemoLineTests.swift */ = {isa = PBXFileReference; lastKnownFileType = sourcecode.swift; path = DemoLineTests.swift; sourceTree = "<group>"; };
		41D467A91DBDDF8D00ADD948 /* Info.plist */ = {isa = PBXFileReference; lastKnownFileType = text.plist.xml; path = Info.plist; sourceTree = "<group>"; };
		41D467AE1DBDDF8D00ADD948 /* DemoLineUITests.xctest */ = {isa = PBXFileReference; explicitFileType = wrapper.cfbundle; includeInIndex = 0; path = DemoLineUITests.xctest; sourceTree = BUILT_PRODUCTS_DIR; };
		41D467B21DBDDF8D00ADD948 /* DemoLineUITests.swift */ = {isa = PBXFileReference; lastKnownFileType = sourcecode.swift; path = DemoLineUITests.swift; sourceTree = "<group>"; };
		41D467B41DBDDF8D00ADD948 /* Info.plist */ = {isa = PBXFileReference; lastKnownFileType = text.plist.xml; path = Info.plist; sourceTree = "<group>"; };
		41ED1DA91DBE141C008D66BC /* HBorderLabel.swift */ = {isa = PBXFileReference; fileEncoding = 4; lastKnownFileType = sourcecode.swift; path = HBorderLabel.swift; sourceTree = "<group>"; };
		41ED1DAA1DBE141C008D66BC /* HBorderView.swift */ = {isa = PBXFileReference; fileEncoding = 4; lastKnownFileType = sourcecode.swift; path = HBorderView.swift; sourceTree = "<group>"; };
		41ED1DAB1DBE141C008D66BC /* HBorderButton.swift */ = {isa = PBXFileReference; fileEncoding = 4; lastKnownFileType = sourcecode.swift; path = HBorderButton.swift; sourceTree = "<group>"; };
		41ED1DAF1DBE1432008D66BC /* HImageView.swift */ = {isa = PBXFileReference; fileEncoding = 4; lastKnownFileType = sourcecode.swift; path = HImageView.swift; sourceTree = "<group>"; };
		449E66A27407E2C3DEAF90AC /* Pods-DemoLineTests.release.xcconfig */ = {isa = PBXFileReference; includeInIndex = 1; lastKnownFileType = text.xcconfig; name = "Pods-DemoLineTests.release.xcconfig"; path = "Pods/Target Support Files/Pods-DemoLineTests/Pods-DemoLineTests.release.xcconfig"; sourceTree = "<group>"; };
		830634EA1DBF4E6400A4561A /* SendRequestViewController.swift */ = {isa = PBXFileReference; fileEncoding = 4; lastKnownFileType = sourcecode.swift; path = SendRequestViewController.swift; sourceTree = "<group>"; };
		832AA1311DC08AE30081B5D6 /* SalesTaxesViewController.swift */ = {isa = PBXFileReference; fileEncoding = 4; lastKnownFileType = sourcecode.swift; name = SalesTaxesViewController.swift; path = SalesTaxes/SalesTaxesViewController.swift; sourceTree = "<group>"; };
		832AA1331DC08B4B0081B5D6 /* Product.swift */ = {isa = PBXFileReference; fileEncoding = 4; lastKnownFileType = sourcecode.swift; path = Product.swift; sourceTree = "<group>"; };
		832AA1351DC08B7E0081B5D6 /* TaxCate.swift */ = {isa = PBXFileReference; fileEncoding = 4; lastKnownFileType = sourcecode.swift; name = TaxCate.swift; path = SalesTaxes/TaxCate.swift; sourceTree = "<group>"; };
		832E1A541DBF5CD500A9D326 /* PopViewController.swift */ = {isa = PBXFileReference; fileEncoding = 4; lastKnownFileType = sourcecode.swift; path = PopViewController.swift; sourceTree = "<group>"; };
		83AF844A1DBF503B004D4190 /* Extensions.swift */ = {isa = PBXFileReference; fileEncoding = 4; lastKnownFileType = sourcecode.swift; path = Extensions.swift; sourceTree = "<group>"; };
		BA32A575CB78BE1D66A320AD /* Pods-DemoLine.release.xcconfig */ = {isa = PBXFileReference; includeInIndex = 1; lastKnownFileType = text.xcconfig; name = "Pods-DemoLine.release.xcconfig"; path = "Pods/Target Support Files/Pods-DemoLine/Pods-DemoLine.release.xcconfig"; sourceTree = "<group>"; };
		C4637DB1C6FBBDD23DA57DDA /* Pods_DemoLineTests.framework */ = {isa = PBXFileReference; explicitFileType = wrapper.framework; includeInIndex = 0; path = Pods_DemoLineTests.framework; sourceTree = BUILT_PRODUCTS_DIR; };
		C95A94F772F3184390223CA4 /* Pods-DemoLineUITests.release.xcconfig */ = {isa = PBXFileReference; includeInIndex = 1; lastKnownFileType = text.xcconfig; name = "Pods-DemoLineUITests.release.xcconfig"; path = "Pods/Target Support Files/Pods-DemoLineUITests/Pods-DemoLineUITests.release.xcconfig"; sourceTree = "<group>"; };
		F93F96590BC265ADBEB986B0 /* Pods-DemoLineTests.debug.xcconfig */ = {isa = PBXFileReference; includeInIndex = 1; lastKnownFileType = text.xcconfig; name = "Pods-DemoLineTests.debug.xcconfig"; path = "Pods/Target Support Files/Pods-DemoLineTests/Pods-DemoLineTests.debug.xcconfig"; sourceTree = "<group>"; };
/* End PBXFileReference section */

/* Begin PBXFrameworksBuildPhase section */
		41D4678C1DBDDF8D00ADD948 /* Frameworks */ = {
			isa = PBXFrameworksBuildPhase;
			buildActionMask = 2147483647;
			files = (
				BA9454E896C2071C46AE26DA /* Pods_DemoLine.framework in Frameworks */,
			);
			runOnlyForDeploymentPostprocessing = 0;
		};
		41D467A01DBDDF8D00ADD948 /* Frameworks */ = {
			isa = PBXFrameworksBuildPhase;
			buildActionMask = 2147483647;
			files = (
				324BB00EF0748DF02B6D0A40 /* Pods_DemoLineTests.framework in Frameworks */,
			);
			runOnlyForDeploymentPostprocessing = 0;
		};
		41D467AB1DBDDF8D00ADD948 /* Frameworks */ = {
			isa = PBXFrameworksBuildPhase;
			buildActionMask = 2147483647;
			files = (
				DEC2010FEC0E714028D6E427 /* Pods_DemoLineUITests.framework in Frameworks */,
			);
			runOnlyForDeploymentPostprocessing = 0;
		};
/* End PBXFrameworksBuildPhase section */

/* Begin PBXGroup section */
		0C1BCD7B142959F26EE41219 /* Pods */ = {
			isa = PBXGroup;
			children = (
				081E7F82A7F77FDD375AD70D /* Pods-DemoLine.debug.xcconfig */,
				BA32A575CB78BE1D66A320AD /* Pods-DemoLine.release.xcconfig */,
				F93F96590BC265ADBEB986B0 /* Pods-DemoLineTests.debug.xcconfig */,
				449E66A27407E2C3DEAF90AC /* Pods-DemoLineTests.release.xcconfig */,
				058BA3A207B2D0D1C3D3A38D /* Pods-DemoLineUITests.debug.xcconfig */,
				C95A94F772F3184390223CA4 /* Pods-DemoLineUITests.release.xcconfig */,
			);
			name = Pods;
			sourceTree = "<group>";
		};
		0D959E8210CC6059E2F26A81 /* Frameworks */ = {
			isa = PBXGroup;
			children = (
				195D9A12F8C2521EC72BABBD /* Pods_DemoLine.framework */,
				C4637DB1C6FBBDD23DA57DDA /* Pods_DemoLineTests.framework */,
				0959552B6A3492E1E20F9256 /* Pods_DemoLineUITests.framework */,
			);
			name = Frameworks;
			sourceTree = "<group>";
		};
		41D467861DBDDF8D00ADD948 = {
			isa = PBXGroup;
			children = (
				41ED1DAF1DBE1432008D66BC /* HImageView.swift */,
				41ED1DA91DBE141C008D66BC /* HBorderLabel.swift */,
				41ED1DAA1DBE141C008D66BC /* HBorderView.swift */,
				41ED1DAB1DBE141C008D66BC /* HBorderButton.swift */,
				41D467911DBDDF8D00ADD948 /* DemoLine */,
				41D467A61DBDDF8D00ADD948 /* DemoLineTests */,
				41D467B11DBDDF8D00ADD948 /* DemoLineUITests */,
				41D467901DBDDF8D00ADD948 /* Products */,
				0C1BCD7B142959F26EE41219 /* Pods */,
				0D959E8210CC6059E2F26A81 /* Frameworks */,
			);
			sourceTree = "<group>";
		};
		41D467901DBDDF8D00ADD948 /* Products */ = {
			isa = PBXGroup;
			children = (
				41D4678F1DBDDF8D00ADD948 /* DemoLine.app */,
				41D467A31DBDDF8D00ADD948 /* DemoLineTests.xctest */,
				41D467AE1DBDDF8D00ADD948 /* DemoLineUITests.xctest */,
			);
			name = Products;
			sourceTree = "<group>";
		};
		41D467911DBDDF8D00ADD948 /* DemoLine */ = {
			isa = PBXGroup;
			children = (
				41D467921DBDDF8D00ADD948 /* AppDelegate.swift */,
				83AF844A1DBF503B004D4190 /* Extensions.swift */,
				41D467941DBDDF8D00ADD948 /* ViewController.swift */,
				41D467961DBDDF8D00ADD948 /* Main.storyboard */,
				41D467991DBDDF8D00ADD948 /* Assets.xcassets */,
				41D4679B1DBDDF8D00ADD948 /* LaunchScreen.storyboard */,
				41D4679E1DBDDF8D00ADD948 /* Info.plist */,
				830634EA1DBF4E6400A4561A /* SendRequestViewController.swift */,
				832E1A541DBF5CD500A9D326 /* PopViewController.swift */,
				832AA1311DC08AE30081B5D6 /* SalesTaxesViewController.swift */,
				832AA1331DC08B4B0081B5D6 /* Product.swift */,
				832AA1351DC08B7E0081B5D6 /* TaxCate.swift */,
			);
			path = DemoLine;
			sourceTree = "<group>";
		};
		41D467A61DBDDF8D00ADD948 /* DemoLineTests */ = {
			isa = PBXGroup;
			children = (
				41D467A71DBDDF8D00ADD948 /* DemoLineTests.swift */,
				41D467A91DBDDF8D00ADD948 /* Info.plist */,
			);
			path = DemoLineTests;
			sourceTree = "<group>";
		};
		41D467B11DBDDF8D00ADD948 /* DemoLineUITests */ = {
			isa = PBXGroup;
			children = (
				41D467B21DBDDF8D00ADD948 /* DemoLineUITests.swift */,
				41D467B41DBDDF8D00ADD948 /* Info.plist */,
			);
			path = DemoLineUITests;
			sourceTree = "<group>";
		};
/* End PBXGroup section */

/* Begin PBXNativeTarget section */
		41D4678E1DBDDF8D00ADD948 /* DemoLine */ = {
			isa = PBXNativeTarget;
			buildConfigurationList = 41D467B71DBDDF8D00ADD948 /* Build configuration list for PBXNativeTarget "DemoLine" */;
			buildPhases = (
				1DA8AF9F1CC53BB4A1412990 /* [CP] Check Pods Manifest.lock */,
				41D4678B1DBDDF8D00ADD948 /* Sources */,
				41D4678C1DBDDF8D00ADD948 /* Frameworks */,
				41D4678D1DBDDF8D00ADD948 /* Resources */,
				F1B4CE4B4D7F854F3953EAD7 /* [CP] Embed Pods Frameworks */,
				BBCF7F2F534FC79DA7280850 /* [CP] Copy Pods Resources */,
			);
			buildRules = (
			);
			dependencies = (
			);
			name = DemoLine;
			productName = DemoLine;
			productReference = 41D4678F1DBDDF8D00ADD948 /* DemoLine.app */;
			productType = "com.apple.product-type.application";
		};
		41D467A21DBDDF8D00ADD948 /* DemoLineTests */ = {
			isa = PBXNativeTarget;
			buildConfigurationList = 41D467BA1DBDDF8D00ADD948 /* Build configuration list for PBXNativeTarget "DemoLineTests" */;
			buildPhases = (
				7EFEAE3D4DA0A109A192119C /* [CP] Check Pods Manifest.lock */,
				41D4679F1DBDDF8D00ADD948 /* Sources */,
				41D467A01DBDDF8D00ADD948 /* Frameworks */,
				41D467A11DBDDF8D00ADD948 /* Resources */,
				61AF65207424FCC93A4B1C86 /* [CP] Embed Pods Frameworks */,
				B1B140DE8F79CB79D8D33E5E /* [CP] Copy Pods Resources */,
			);
			buildRules = (
			);
			dependencies = (
				41D467A51DBDDF8D00ADD948 /* PBXTargetDependency */,
			);
			name = DemoLineTests;
			productName = DemoLineTests;
			productReference = 41D467A31DBDDF8D00ADD948 /* DemoLineTests.xctest */;
			productType = "com.apple.product-type.bundle.unit-test";
		};
		41D467AD1DBDDF8D00ADD948 /* DemoLineUITests */ = {
			isa = PBXNativeTarget;
			buildConfigurationList = 41D467BD1DBDDF8D00ADD948 /* Build configuration list for PBXNativeTarget "DemoLineUITests" */;
			buildPhases = (
				58083348DFD2DB929993219A /* [CP] Check Pods Manifest.lock */,
				41D467AA1DBDDF8D00ADD948 /* Sources */,
				41D467AB1DBDDF8D00ADD948 /* Frameworks */,
				41D467AC1DBDDF8D00ADD948 /* Resources */,
				47130E7B17EF662156304B25 /* [CP] Embed Pods Frameworks */,
				A8624D71CD9DB64DEE80865B /* [CP] Copy Pods Resources */,
			);
			buildRules = (
			);
			dependencies = (
				41D467B01DBDDF8D00ADD948 /* PBXTargetDependency */,
			);
			name = DemoLineUITests;
			productName = DemoLineUITests;
			productReference = 41D467AE1DBDDF8D00ADD948 /* DemoLineUITests.xctest */;
			productType = "com.apple.product-type.bundle.ui-testing";
		};
/* End PBXNativeTarget section */

/* Begin PBXProject section */
		41D467871DBDDF8D00ADD948 /* Project object */ = {
			isa = PBXProject;
			attributes = {
				LastSwiftUpdateCheck = 0800;
				LastUpgradeCheck = 0800;
				ORGANIZATIONNAME = CheapGo02;
				TargetAttributes = {
					41D4678E1DBDDF8D00ADD948 = {
						CreatedOnToolsVersion = 8.0;
						DevelopmentTeam = T42VYBF5ER;
						ProvisioningStyle = Automatic;
					};
					41D467A21DBDDF8D00ADD948 = {
						CreatedOnToolsVersion = 8.0;
						ProvisioningStyle = Automatic;
						TestTargetID = 41D4678E1DBDDF8D00ADD948;
					};
					41D467AD1DBDDF8D00ADD948 = {
						CreatedOnToolsVersion = 8.0;
						ProvisioningStyle = Automatic;
						TestTargetID = 41D4678E1DBDDF8D00ADD948;
					};
				};
			};
			buildConfigurationList = 41D4678A1DBDDF8D00ADD948 /* Build configuration list for PBXProject "DemoLine" */;
			compatibilityVersion = "Xcode 3.2";
			developmentRegion = English;
			hasScannedForEncodings = 0;
			knownRegions = (
				en,
				Base,
			);
			mainGroup = 41D467861DBDDF8D00ADD948;
			productRefGroup = 41D467901DBDDF8D00ADD948 /* Products */;
			projectDirPath = "";
			projectRoot = "";
			targets = (
				41D4678E1DBDDF8D00ADD948 /* DemoLine */,
				41D467A21DBDDF8D00ADD948 /* DemoLineTests */,
				41D467AD1DBDDF8D00ADD948 /* DemoLineUITests */,
			);
		};
/* End PBXProject section */

/* Begin PBXResourcesBuildPhase section */
		41D4678D1DBDDF8D00ADD948 /* Resources */ = {
			isa = PBXResourcesBuildPhase;
			buildActionMask = 2147483647;
			files = (
				41D4679D1DBDDF8D00ADD948 /* LaunchScreen.storyboard in Resources */,
				41D4679A1DBDDF8D00ADD948 /* Assets.xcassets in Resources */,
				41D467981DBDDF8D00ADD948 /* Main.storyboard in Resources */,
			);
			runOnlyForDeploymentPostprocessing = 0;
		};
		41D467A11DBDDF8D00ADD948 /* Resources */ = {
			isa = PBXResourcesBuildPhase;
			buildActionMask = 2147483647;
			files = (
			);
			runOnlyForDeploymentPostprocessing = 0;
		};
		41D467AC1DBDDF8D00ADD948 /* Resources */ = {
			isa = PBXResourcesBuildPhase;
			buildActionMask = 2147483647;
			files = (
			);
			runOnlyForDeploymentPostprocessing = 0;
		};
/* End PBXResourcesBuildPhase section */

/* Begin PBXShellScriptBuildPhase section */
		1DA8AF9F1CC53BB4A1412990 /* [CP] Check Pods Manifest.lock */ = {
			isa = PBXShellScriptBuildPhase;
			buildActionMask = 2147483647;
			files = (
			);
			inputPaths = (
			);
			name = "[CP] Check Pods Manifest.lock";
			outputPaths = (
			);
			runOnlyForDeploymentPostprocessing = 0;
			shellPath = /bin/sh;
			shellScript = "diff \"${PODS_ROOT}/../Podfile.lock\" \"${PODS_ROOT}/Manifest.lock\" > /dev/null\nif [ $? != 0 ] ; then\n    # print error to STDERR\n    echo \"error: The sandbox is not in sync with the Podfile.lock. Run 'pod install' or update your CocoaPods installation.\" >&2\n    exit 1\nfi\n";
			showEnvVarsInLog = 0;
		};
		47130E7B17EF662156304B25 /* [CP] Embed Pods Frameworks */ = {
			isa = PBXShellScriptBuildPhase;
			buildActionMask = 2147483647;
			files = (
			);
			inputPaths = (
			);
			name = "[CP] Embed Pods Frameworks";
			outputPaths = (
			);
			runOnlyForDeploymentPostprocessing = 0;
			shellPath = /bin/sh;
			shellScript = "\"${SRCROOT}/Pods/Target Support Files/Pods-DemoLineUITests/Pods-DemoLineUITests-frameworks.sh\"\n";
			showEnvVarsInLog = 0;
		};
		58083348DFD2DB929993219A /* [CP] Check Pods Manifest.lock */ = {
			isa = PBXShellScriptBuildPhase;
			buildActionMask = 2147483647;
			files = (
			);
			inputPaths = (
			);
			name = "[CP] Check Pods Manifest.lock";
			outputPaths = (
			);
			runOnlyForDeploymentPostprocessing = 0;
			shellPath = /bin/sh;
			shellScript = "diff \"${PODS_ROOT}/../Podfile.lock\" \"${PODS_ROOT}/Manifest.lock\" > /dev/null\nif [ $? != 0 ] ; then\n    # print error to STDERR\n    echo \"error: The sandbox is not in sync with the Podfile.lock. Run 'pod install' or update your CocoaPods installation.\" >&2\n    exit 1\nfi\n";
			showEnvVarsInLog = 0;
		};
		61AF65207424FCC93A4B1C86 /* [CP] Embed Pods Frameworks */ = {
			isa = PBXShellScriptBuildPhase;
			buildActionMask = 2147483647;
			files = (
			);
			inputPaths = (
			);
			name = "[CP] Embed Pods Frameworks";
			outputPaths = (
			);
			runOnlyForDeploymentPostprocessing = 0;
			shellPath = /bin/sh;
			shellScript = "\"${SRCROOT}/Pods/Target Support Files/Pods-DemoLineTests/Pods-DemoLineTests-frameworks.sh\"\n";
			showEnvVarsInLog = 0;
		};
		7EFEAE3D4DA0A109A192119C /* [CP] Check Pods Manifest.lock */ = {
			isa = PBXShellScriptBuildPhase;
			buildActionMask = 2147483647;
			files = (
			);
			inputPaths = (
			);
			name = "[CP] Check Pods Manifest.lock";
			outputPaths = (
			);
			runOnlyForDeploymentPostprocessing = 0;
			shellPath = /bin/sh;
			shellScript = "diff \"${PODS_ROOT}/../Podfile.lock\" \"${PODS_ROOT}/Manifest.lock\" > /dev/null\nif [ $? != 0 ] ; then\n    # print error to STDERR\n    echo \"error: The sandbox is not in sync with the Podfile.lock. Run 'pod install' or update your CocoaPods installation.\" >&2\n    exit 1\nfi\n";
			showEnvVarsInLog = 0;
		};
		A8624D71CD9DB64DEE80865B /* [CP] Copy Pods Resources */ = {
			isa = PBXShellScriptBuildPhase;
			buildActionMask = 2147483647;
			files = (
			);
			inputPaths = (
			);
			name = "[CP] Copy Pods Resources";
			outputPaths = (
			);
			runOnlyForDeploymentPostprocessing = 0;
			shellPath = /bin/sh;
			shellScript = "\"${SRCROOT}/Pods/Target Support Files/Pods-DemoLineUITests/Pods-DemoLineUITests-resources.sh\"\n";
			showEnvVarsInLog = 0;
		};
		B1B140DE8F79CB79D8D33E5E /* [CP] Copy Pods Resources */ = {
			isa = PBXShellScriptBuildPhase;
			buildActionMask = 2147483647;
			files = (
			);
			inputPaths = (
			);
			name = "[CP] Copy Pods Resources";
			outputPaths = (
			);
			runOnlyForDeploymentPostprocessing = 0;
			shellPath = /bin/sh;
			shellScript = "\"${SRCROOT}/Pods/Target Support Files/Pods-DemoLineTests/Pods-DemoLineTests-resources.sh\"\n";
			showEnvVarsInLog = 0;
		};
		BBCF7F2F534FC79DA7280850 /* [CP] Copy Pods Resources */ = {
			isa = PBXShellScriptBuildPhase;
			buildActionMask = 2147483647;
			files = (
			);
			inputPaths = (
			);
			name = "[CP] Copy Pods Resources";
			outputPaths = (
			);
			runOnlyForDeploymentPostprocessing = 0;
			shellPath = /bin/sh;
			shellScript = "\"${SRCROOT}/Pods/Target Support Files/Pods-DemoLine/Pods-DemoLine-resources.sh\"\n";
			showEnvVarsInLog = 0;
		};
		F1B4CE4B4D7F854F3953EAD7 /* [CP] Embed Pods Frameworks */ = {
			isa = PBXShellScriptBuildPhase;
			buildActionMask = 2147483647;
			files = (
			);
			inputPaths = (
			);
			name = "[CP] Embed Pods Frameworks";
			outputPaths = (
			);
			runOnlyForDeploymentPostprocessing = 0;
			shellPath = /bin/sh;
			shellScript = "\"${SRCROOT}/Pods/Target Support Files/Pods-DemoLine/Pods-DemoLine-frameworks.sh\"\n";
			showEnvVarsInLog = 0;
		};
/* End PBXShellScriptBuildPhase section */

/* Begin PBXSourcesBuildPhase section */
		41D4678B1DBDDF8D00ADD948 /* Sources */ = {
			isa = PBXSourcesBuildPhase;
			buildActionMask = 2147483647;
			files = (
				41ED1DAC1DBE141C008D66BC /* HBorderLabel.swift in Sources */,
				41ED1DB01DBE1432008D66BC /* HImageView.swift in Sources */,
				832E1A551DBF5CD500A9D326 /* PopViewController.swift in Sources */,
				830634EB1DBF4E6400A4561A /* SendRequestViewController.swift in Sources */,
				41ED1DAD1DBE141C008D66BC /* HBorderView.swift in Sources */,
				832AA1341DC08B4B0081B5D6 /* Product.swift in Sources */,
				832AA1321DC08AE30081B5D6 /* SalesTaxesViewController.swift in Sources */,
				83AF844B1DBF503B004D4190 /* Extensions.swift in Sources */,
				41ED1DAE1DBE141C008D66BC /* HBorderButton.swift in Sources */,
				41D467951DBDDF8D00ADD948 /* ViewController.swift in Sources */,
				832AA1361DC08B7E0081B5D6 /* TaxCate.swift in Sources */,
				41D467931DBDDF8D00ADD948 /* AppDelegate.swift in Sources */,
			);
			runOnlyForDeploymentPostprocessing = 0;
		};
		41D4679F1DBDDF8D00ADD948 /* Sources */ = {
			isa = PBXSourcesBuildPhase;
			buildActionMask = 2147483647;
			files = (
				41D467A81DBDDF8D00ADD948 /* DemoLineTests.swift in Sources */,
			);
			runOnlyForDeploymentPostprocessing = 0;
		};
		41D467AA1DBDDF8D00ADD948 /* Sources */ = {
			isa = PBXSourcesBuildPhase;
			buildActionMask = 2147483647;
			files = (
				41D467B31DBDDF8D00ADD948 /* DemoLineUITests.swift in Sources */,
			);
			runOnlyForDeploymentPostprocessing = 0;
		};
/* End PBXSourcesBuildPhase section */

/* Begin PBXTargetDependency section */
		41D467A51DBDDF8D00ADD948 /* PBXTargetDependency */ = {
			isa = PBXTargetDependency;
			target = 41D4678E1DBDDF8D00ADD948 /* DemoLine */;
			targetProxy = 41D467A41DBDDF8D00ADD948 /* PBXContainerItemProxy */;
		};
		41D467B01DBDDF8D00ADD948 /* PBXTargetDependency */ = {
			isa = PBXTargetDependency;
			target = 41D4678E1DBDDF8D00ADD948 /* DemoLine */;
			targetProxy = 41D467AF1DBDDF8D00ADD948 /* PBXContainerItemProxy */;
		};
/* End PBXTargetDependency section */

/* Begin PBXVariantGroup section */
		41D467961DBDDF8D00ADD948 /* Main.storyboard */ = {
			isa = PBXVariantGroup;
			children = (
				41D467971DBDDF8D00ADD948 /* Base */,
			);
			name = Main.storyboard;
			sourceTree = "<group>";
		};
		41D4679B1DBDDF8D00ADD948 /* LaunchScreen.storyboard */ = {
			isa = PBXVariantGroup;
			children = (
				41D4679C1DBDDF8D00ADD948 /* Base */,
			);
			name = LaunchScreen.storyboard;
			sourceTree = "<group>";
		};
/* End PBXVariantGroup section */

/* Begin XCBuildConfiguration section */
		41D467B51DBDDF8D00ADD948 /* Debug */ = {
			isa = XCBuildConfiguration;
			buildSettings = {
				ALWAYS_SEARCH_USER_PATHS = NO;
				CLANG_ANALYZER_NONNULL = YES;
				CLANG_CXX_LANGUAGE_STANDARD = "gnu++0x";
				CLANG_CXX_LIBRARY = "libc++";
				CLANG_ENABLE_MODULES = YES;
				CLANG_ENABLE_OBJC_ARC = YES;
				CLANG_WARN_BOOL_CONVERSION = YES;
				CLANG_WARN_CONSTANT_CONVERSION = YES;
				CLANG_WARN_DIRECT_OBJC_ISA_USAGE = YES_ERROR;
				CLANG_WARN_DOCUMENTATION_COMMENTS = YES;
				CLANG_WARN_EMPTY_BODY = YES;
				CLANG_WARN_ENUM_CONVERSION = YES;
				CLANG_WARN_INFINITE_RECURSION = YES;
				CLANG_WARN_INT_CONVERSION = YES;
				CLANG_WARN_OBJC_ROOT_CLASS = YES_ERROR;
				CLANG_WARN_SUSPICIOUS_MOVES = YES;
				CLANG_WARN_UNREACHABLE_CODE = YES;
				CLANG_WARN__DUPLICATE_METHOD_MATCH = YES;
				"CODE_SIGN_IDENTITY[sdk=iphoneos*]" = "iPhone Developer";
				COPY_PHASE_STRIP = NO;
				DEBUG_INFORMATION_FORMAT = dwarf;
				ENABLE_STRICT_OBJC_MSGSEND = YES;
				ENABLE_TESTABILITY = YES;
				GCC_C_LANGUAGE_STANDARD = gnu99;
				GCC_DYNAMIC_NO_PIC = NO;
				GCC_NO_COMMON_BLOCKS = YES;
				GCC_OPTIMIZATION_LEVEL = 0;
				GCC_PREPROCESSOR_DEFINITIONS = (
					"DEBUG=1",
					"$(inherited)",
				);
				GCC_WARN_64_TO_32_BIT_CONVERSION = YES;
				GCC_WARN_ABOUT_RETURN_TYPE = YES_ERROR;
				GCC_WARN_UNDECLARED_SELECTOR = YES;
				GCC_WARN_UNINITIALIZED_AUTOS = YES_AGGRESSIVE;
				GCC_WARN_UNUSED_FUNCTION = YES;
				GCC_WARN_UNUSED_VARIABLE = YES;
				IPHONEOS_DEPLOYMENT_TARGET = 10.0;
				MTL_ENABLE_DEBUG_INFO = YES;
				ONLY_ACTIVE_ARCH = YES;
				SDKROOT = iphoneos;
				SWIFT_ACTIVE_COMPILATION_CONDITIONS = DEBUG;
				SWIFT_OPTIMIZATION_LEVEL = "-Onone";
				TARGETED_DEVICE_FAMILY = "1,2";
			};
			name = Debug;
		};
		41D467B61DBDDF8D00ADD948 /* Release */ = {
			isa = XCBuildConfiguration;
			buildSettings = {
				ALWAYS_SEARCH_USER_PATHS = NO;
				CLANG_ANALYZER_NONNULL = YES;
				CLANG_CXX_LANGUAGE_STANDARD = "gnu++0x";
				CLANG_CXX_LIBRARY = "libc++";
				CLANG_ENABLE_MODULES = YES;
				CLANG_ENABLE_OBJC_ARC = YES;
				CLANG_WARN_BOOL_CONVERSION = YES;
				CLANG_WARN_CONSTANT_CONVERSION = YES;
				CLANG_WARN_DIRECT_OBJC_ISA_USAGE = YES_ERROR;
				CLANG_WARN_DOCUMENTATION_COMMENTS = YES;
				CLANG_WARN_EMPTY_BODY = YES;
				CLANG_WARN_ENUM_CONVERSION = YES;
				CLANG_WARN_INFINITE_RECURSION = YES;
				CLANG_WARN_INT_CONVERSION = YES;
				CLANG_WARN_OBJC_ROOT_CLASS = YES_ERROR;
				CLANG_WARN_SUSPICIOUS_MOVES = YES;
				CLANG_WARN_UNREACHABLE_CODE = YES;
				CLANG_WARN__DUPLICATE_METHOD_MATCH = YES;
				"CODE_SIGN_IDENTITY[sdk=iphoneos*]" = "iPhone Developer";
				COPY_PHASE_STRIP = NO;
				DEBUG_INFORMATION_FORMAT = "dwarf-with-dsym";
				ENABLE_NS_ASSERTIONS = NO;
				ENABLE_STRICT_OBJC_MSGSEND = YES;
				GCC_C_LANGUAGE_STANDARD = gnu99;
				GCC_NO_COMMON_BLOCKS = YES;
				GCC_WARN_64_TO_32_BIT_CONVERSION = YES;
				GCC_WARN_ABOUT_RETURN_TYPE = YES_ERROR;
				GCC_WARN_UNDECLARED_SELECTOR = YES;
				GCC_WARN_UNINITIALIZED_AUTOS = YES_AGGRESSIVE;
				GCC_WARN_UNUSED_FUNCTION = YES;
				GCC_WARN_UNUSED_VARIABLE = YES;
				IPHONEOS_DEPLOYMENT_TARGET = 10.0;
				MTL_ENABLE_DEBUG_INFO = NO;
				SDKROOT = iphoneos;
				SWIFT_OPTIMIZATION_LEVEL = "-Owholemodule";
				TARGETED_DEVICE_FAMILY = "1,2";
				VALIDATE_PRODUCT = YES;
			};
			name = Release;
		};
		41D467B81DBDDF8D00ADD948 /* Debug */ = {
			isa = XCBuildConfiguration;
			baseConfigurationReference = 081E7F82A7F77FDD375AD70D /* Pods-DemoLine.debug.xcconfig */;
			buildSettings = {
				ASSETCATALOG_COMPILER_APPICON_NAME = AppIcon;
				DEVELOPMENT_TEAM = T42VYBF5ER;
				INFOPLIST_FILE = DemoLine/Info.plist;
				LD_RUNPATH_SEARCH_PATHS = "$(inherited) @executable_path/Frameworks";
				PRODUCT_BUNDLE_IDENTIFIER = CheapGo02.DemoLine;
				PRODUCT_NAME = "$(TARGET_NAME)";
				SWIFT_VERSION = 3.0;
			};
			name = Debug;
		};
		41D467B91DBDDF8D00ADD948 /* Release */ = {
			isa = XCBuildConfiguration;
			baseConfigurationReference = BA32A575CB78BE1D66A320AD /* Pods-DemoLine.release.xcconfig */;
			buildSettings = {
				ASSETCATALOG_COMPILER_APPICON_NAME = AppIcon;
				DEVELOPMENT_TEAM = T42VYBF5ER;
				INFOPLIST_FILE = DemoLine/Info.plist;
				LD_RUNPATH_SEARCH_PATHS = "$(inherited) @executable_path/Frameworks";
				PRODUCT_BUNDLE_IDENTIFIER = CheapGo02.DemoLine;
				PRODUCT_NAME = "$(TARGET_NAME)";
				SWIFT_VERSION = 3.0;
			};
			name = Release;
		};
		41D467BB1DBDDF8D00ADD948 /* Debug */ = {
			isa = XCBuildConfiguration;
			baseConfigurationReference = F93F96590BC265ADBEB986B0 /* Pods-DemoLineTests.debug.xcconfig */;
			buildSettings = {
				ALWAYS_EMBED_SWIFT_STANDARD_LIBRARIES = YES;
				BUNDLE_LOADER = "$(TEST_HOST)";
				INFOPLIST_FILE = DemoLineTests/Info.plist;
				LD_RUNPATH_SEARCH_PATHS = "$(inherited) @executable_path/Frameworks @loader_path/Frameworks";
				PRODUCT_BUNDLE_IDENTIFIER = CheapGo02.DemoLineTests;
				PRODUCT_NAME = "$(TARGET_NAME)";
				SWIFT_VERSION = 3.0;
				TEST_HOST = "$(BUILT_PRODUCTS_DIR)/DemoLine.app/DemoLine";
			};
			name = Debug;
		};
		41D467BC1DBDDF8D00ADD948 /* Release */ = {
			isa = XCBuildConfiguration;
			baseConfigurationReference = 449E66A27407E2C3DEAF90AC /* Pods-DemoLineTests.release.xcconfig */;
			buildSettings = {
				ALWAYS_EMBED_SWIFT_STANDARD_LIBRARIES = YES;
				BUNDLE_LOADER = "$(TEST_HOST)";
				INFOPLIST_FILE = DemoLineTests/Info.plist;
				LD_RUNPATH_SEARCH_PATHS = "$(inherited) @executable_path/Frameworks @loader_path/Frameworks";
				PRODUCT_BUNDLE_IDENTIFIER = CheapGo02.DemoLineTests;
				PRODUCT_NAME = "$(TARGET_NAME)";
				SWIFT_VERSION = 3.0;
				TEST_HOST = "$(BUILT_PRODUCTS_DIR)/DemoLine.app/DemoLine";
			};
			name = Release;
		};
		41D467BE1DBDDF8D00ADD948 /* Debug */ = {
			isa = XCBuildConfiguration;
			baseConfigurationReference = 058BA3A207B2D0D1C3D3A38D /* Pods-DemoLineUITests.debug.xcconfig */;
			buildSettings = {
				ALWAYS_EMBED_SWIFT_STANDARD_LIBRARIES = YES;
				INFOPLIST_FILE = DemoLineUITests/Info.plist;
				LD_RUNPATH_SEARCH_PATHS = "$(inherited) @executable_path/Frameworks @loader_path/Frameworks";
				PRODUCT_BUNDLE_IDENTIFIER = CheapGo02.DemoLineUITests;
				PRODUCT_NAME = "$(TARGET_NAME)";
				SWIFT_VERSION = 3.0;
				TEST_TARGET_NAME = DemoLine;
			};
			name = Debug;
		};
		41D467BF1DBDDF8D00ADD948 /* Release */ = {
			isa = XCBuildConfiguration;
			baseConfigurationReference = C95A94F772F3184390223CA4 /* Pods-DemoLineUITests.release.xcconfig */;
			buildSettings = {
				ALWAYS_EMBED_SWIFT_STANDARD_LIBRARIES = YES;
				INFOPLIST_FILE = DemoLineUITests/Info.plist;
				LD_RUNPATH_SEARCH_PATHS = "$(inherited) @executable_path/Frameworks @loader_path/Frameworks";
				PRODUCT_BUNDLE_IDENTIFIER = CheapGo02.DemoLineUITests;
				PRODUCT_NAME = "$(TARGET_NAME)";
				SWIFT_VERSION = 3.0;
				TEST_TARGET_NAME = DemoLine;
			};
			name = Release;
		};
/* End XCBuildConfiguration section */

/* Begin XCConfigurationList section */
		41D4678A1DBDDF8D00ADD948 /* Build configuration list for PBXProject "DemoLine" */ = {
			isa = XCConfigurationList;
			buildConfigurations = (
				41D467B51DBDDF8D00ADD948 /* Debug */,
				41D467B61DBDDF8D00ADD948 /* Release */,
			);
			defaultConfigurationIsVisible = 0;
			defaultConfigurationName = Release;
		};
		41D467B71DBDDF8D00ADD948 /* Build configuration list for PBXNativeTarget "DemoLine" */ = {
			isa = XCConfigurationList;
			buildConfigurations = (
				41D467B81DBDDF8D00ADD948 /* Debug */,
				41D467B91DBDDF8D00ADD948 /* Release */,
			);
			defaultConfigurationIsVisible = 0;
			defaultConfigurationName = Release;
		};
		41D467BA1DBDDF8D00ADD948 /* Build configuration list for PBXNativeTarget "DemoLineTests" */ = {
			isa = XCConfigurationList;
			buildConfigurations = (
				41D467BB1DBDDF8D00ADD948 /* Debug */,
				41D467BC1DBDDF8D00ADD948 /* Release */,
			);
			defaultConfigurationIsVisible = 0;
			defaultConfigurationName = Release;
		};
		41D467BD1DBDDF8D00ADD948 /* Build configuration list for PBXNativeTarget "DemoLineUITests" */ = {
			isa = XCConfigurationList;
			buildConfigurations = (
				41D467BE1DBDDF8D00ADD948 /* Debug */,
				41D467BF1DBDDF8D00ADD948 /* Release */,
			);
			defaultConfigurationIsVisible = 0;
			defaultConfigurationName = Release;
		};
/* End XCConfigurationList section */
	};
	rootObject = 41D467871DBDDF8D00ADD948 /* Project object */;
}
